// !$*UTF8*$!
{
	archiveVersion = 1;
	classes = {
	};
	objectVersion = 56;
	objects = {

/* Begin PBXBuildFile section */
		B98037A829FA821B00DAB002 /* main.m in Sources */ = {isa = PBXBuildFile; fileRef = B98037A729FA821B00DAB002 /* main.m */; };
		B98037B929FA835F00DAB002 /* EOCPerson.m in Sources */ = {isa = PBXBuildFile; fileRef = B98037B829FA835F00DAB002 /* EOCPerson.m */; };
		B98037BC29FA838000DAB002 /* EOCPerson+Friendship.m in Sources */ = {isa = PBXBuildFile; fileRef = B98037BB29FA838000DAB002 /* EOCPerson+Friendship.m */; };
		B98037BF29FA839D00DAB002 /* EOCPerson+Work.m in Sources */ = {isa = PBXBuildFile; fileRef = B98037BE29FA839D00DAB002 /* EOCPerson+Work.m */; };
		B98037C229FA83A600DAB002 /* EOCPerson+Play.m in Sources */ = {isa = PBXBuildFile; fileRef = B98037C129FA83A600DAB002 /* EOCPerson+Play.m */; };
/* End PBXBuildFile section */

/* Begin PBXCopyFilesBuildPhase section */
		B98037A229FA821B00DAB002 /* CopyFiles */ = {
			isa = PBXCopyFilesBuildPhase;
			buildActionMask = 2147483647;
			dstPath = /usr/share/man/man1/;
			dstSubfolderSpec = 0;
			files = (
			);
			runOnlyForDeploymentPostprocessing = 1;
		};
/* End PBXCopyFilesBuildPhase section */

/* Begin PBXFileReference section */
		B98037A429FA821B00DAB002 /* 分类 */ = {isa = PBXFileReference; explicitFileType = "compiled.mach-o.executable"; includeInIndex = 0; path = "分类"; sourceTree = BUILT_PRODUCTS_DIR; };
		B98037A729FA821B00DAB002 /* main.m */ = {isa = PBXFileReference; lastKnownFileType = sourcecode.c.objc; path = main.m; sourceTree = "<group>"; };
		B98037B729FA835F00DAB002 /* EOCPerson.h */ = {isa = PBXFileReference; lastKnownFileType = sourcecode.c.h; path = EOCPerson.h; sourceTree = "<group>"; };
		B98037B829FA835F00DAB002 /* EOCPerson.m */ = {isa = PBXFileReference; lastKnownFileType = sourcecode.c.objc; path = EOCPerson.m; sourceTree = "<group>"; };
		B98037BA29FA838000DAB002 /* EOCPerson+Friendship.h */ = {isa = PBXFileReference; lastKnownFileType = sourcecode.c.h; path = "EOCPerson+Friendship.h"; sourceTree = "<group>"; };
		B98037BB29FA838000DAB002 /* EOCPerson+Friendship.m */ = {isa = PBXFileReference; lastKnownFileType = sourcecode.c.objc; path = "EOCPerson+Friendship.m"; sourceTree = "<group>"; };
		B98037BD29FA839D00DAB002 /* EOCPerson+Work.h */ = {isa = PBXFileReference; lastKnownFileType = sourcecode.c.h; path = "EOCPerson+Work.h"; sourceTree = "<group>"; };
		B98037BE29FA839D00DAB002 /* EOCPerson+Work.m */ = {isa = PBXFileReference; lastKnownFileType = sourcecode.c.objc; path = "EOCPerson+Work.m"; sourceTree = "<group>"; };
		B98037C029FA83A600DAB002 /* EOCPerson+Play.h */ = {isa = PBXFileReference; lastKnownFileType = sourcecode.c.h; path = "EOCPerson+Play.h"; sourceTree = "<group>"; };
		B98037C129FA83A600DAB002 /* EOCPerson+Play.m */ = {isa = PBXFileReference; lastKnownFileType = sourcecode.c.objc; path = "EOCPerson+Play.m"; sourceTree = "<group>"; };
/* End PBXFileReference section */

/* Begin PBXFrameworksBuildPhase section */
		B98037A129FA821B00DAB002 /* Frameworks */ = {
			isa = PBXFrameworksBuildPhase;
			buildActionMask = 2147483647;
			files = (
			);
			runOnlyForDeploymentPostprocessing = 0;
		};
/* End PBXFrameworksBuildPhase section */

/* Begin PBXGroup section */
		B980379B29FA821B00DAB002 = {
			isa = PBXGroup;
			children = (
				B98037A629FA821B00DAB002 /* 分类 */,
				B98037A529FA821B00DAB002 /* Products */,
			);
			sourceTree = "<group>";
		};
		B98037A529FA821B00DAB002 /* Products */ = {
			isa = PBXGroup;
			children = (
				B98037A429FA821B00DAB002 /* 分类 */,
			);
			name = Products;
			sourceTree = "<group>";
		};
		B98037A629FA821B00DAB002 /* 分类 */ = {
			isa = PBXGroup;
			children = (
				B98037A729FA821B00DAB002 /* main.m */,
				B98037B729FA835F00DAB002 /* EOCPerson.h */,
				B98037B829FA835F00DAB002 /* EOCPerson.m */,
				B98037BA29FA838000DAB002 /* EOCPerson+Friendship.h */,
				B98037BB29FA838000DAB002 /* EOCPerson+Friendship.m */,
				B98037BD29FA839D00DAB002 /* EOCPerson+Work.h */,
				B98037BE29FA839D00DAB002 /* EOCPerson+Work.m */,
				B98037C029FA83A600DAB002 /* EOCPerson+Play.h */,
				B98037C129FA83A600DAB002 /* EOCPerson+Play.m */,
			);
			path = "分类";
			sourceTree = "<group>";
		};
/* End PBXGroup section */

/* Begin PBXNativeTarget section */
		B98037A329FA821B00DAB002 /* 分类 */ = {
			isa = PBXNativeTarget;
			buildConfigurationList = B98037AB29FA821B00DAB002 /* Build configuration list for PBXNativeTarget "分类" */;
			buildPhases = (
				B98037A029FA821B00DAB002 /* Sources */,
				B98037A129FA821B00DAB002 /* Frameworks */,
				B98037A229FA821B00DAB002 /* CopyFiles */,
			);
			buildRules = (
			);
			dependencies = (
			);
			name = "分类";
			productName = "分类";
			productReference = B98037A429FA821B00DAB002 /* 分类 */;
			productType = "com.apple.product-type.tool";
		};
/* End PBXNativeTarget section */

/* Begin PBXProject section */
		B980379C29FA821B00DAB002 /* Project object */ = {
			isa = PBXProject;
			attributes = {
				BuildIndependentTargetsInParallel = 1;
				LastUpgradeCheck = 1430;
				TargetAttributes = {
					B98037A329FA821B00DAB002 = {
						CreatedOnToolsVersion = 14.3;
					};
				};
			};
			buildConfigurationList = B980379F29FA821B00DAB002 /* Build configuration list for PBXProject "分类" */;
			compatibilityVersion = "Xcode 14.0";
			developmentRegion = en;
			hasScannedForEncodings = 0;
			knownRegions = (
				en,
				Base,
			);
			mainGroup = B980379B29FA821B00DAB002;
			productRefGroup = B98037A529FA821B00DAB002 /* Products */;
			projectDirPath = "";
			projectRoot = "";
			targets = (
				B98037A329FA821B00DAB002 /* 分类 */,
			);
		};
/* End PBXProject section */

/* Begin PBXSourcesBuildPhase section */
		B98037A029FA821B00DAB002 /* Sources */ = {
			isa = PBXSourcesBuildPhase;
			buildActionMask = 2147483647;
			files = (
				B98037B929FA835F00DAB002 /* EOCPerson.m in Sources */,
				B98037C229FA83A600DAB002 /* EOCPerson+Play.m in Sources */,
				B98037BC29FA838000DAB002 /* EOCPerson+Friendship.m in Sources */,
				B98037A829FA821B00DAB002 /* main.m in Sources */,
				B98037BF29FA839D00DAB002 /* EOCPerson+Work.m in Sources */,
			);
			runOnlyForDeploymentPostprocessing = 0;
		};
/* End PBXSourcesBuildPhase section */

/* Begin XCBuildConfiguration section */
		B98037A929FA821B00DAB002 /* Debug */ = {
			isa = XCBuildConfiguration;
			buildSettings = {
				ALWAYS_SEARCH_USER_PATHS = NO;
				CLANG_ANALYZER_NONNULL = YES;
				CLANG_ANALYZER_NUMBER_OBJECT_CONVERSION = YES_AGGRESSIVE;
				CLANG_CXX_LANGUAGE_STANDARD = "gnu++20";
				CLANG_ENABLE_MODULES = YES;
				CLANG_ENABLE_OBJC_ARC = YES;
				CLANG_ENABLE_OBJC_WEAK = YES;
				CLANG_WARN_BLOCK_CAPTURE_AUTORELEASING = YES;
				CLANG_WARN_BOOL_CONVERSION = YES;
				CLANG_WARN_COMMA = YES;
				CLANG_WARN_CONSTANT_CONVERSION = YES;
				CLANG_WARN_DEPRECATED_OBJC_IMPLEMENTATIONS = YES;
				CLANG_WARN_DIRECT_OBJC_ISA_USAGE = YES_ERROR;
				CLANG_WARN_DOCUMENTATION_COMMENTS = YES;
				CLANG_WARN_EMPTY_BODY = YES;
				CLANG_WARN_ENUM_CONVERSION = YES;
				CLANG_WARN_INFINITE_RECURSION = YES;
				CLANG_WARN_INT_CONVERSION = YES;
				CLANG_WARN_NON_LITERAL_NULL_CONVERSION = YES;
				CLANG_WARN_OBJC_IMPLICIT_RETAIN_SELF = YES;
				CLANG_WARN_OBJC_LITERAL_CONVERSION = YES;
				CLANG_WARN_OBJC_ROOT_CLASS = YES_ERROR;
				CLANG_WARN_QUOTED_INCLUDE_IN_FRAMEWORK_HEADER = YES;
				CLANG_WARN_RANGE_LOOP_ANALYSIS = YES;
				CLANG_WARN_STRICT_PROTOTYPES = YES;
				CLANG_WARN_SUSPICIOUS_MOVE = YES;
				CLANG_WARN_UNGUARDED_AVAILABILITY = YES_AGGRESSIVE;
				CLANG_WARN_UNREACHABLE_CODE = YES;
				CLANG_WARN__DUPLICATE_METHOD_MATCH = YES;
				COPY_PHASE_STRIP = NO;
				DEBUG_INFORMATION_FORMAT = dwarf;
				ENABLE_STRICT_OBJC_MSGSEND = YES;
				ENABLE_TESTABILITY = YES;
				GCC_C_LANGUAGE_STANDARD = gnu11;
				GCC_DYNAMIC_NO_PIC = NO;
				GCC_NO_COMMON_BLOCKS = YES;
				GCC_OPTIMIZATION_LEVEL = 0;
				GCC_PREPROCESSOR_DEFINITIONS = (
					"DEBUG=1",
					"$(inherited)",
				);
				GCC_WARN_64_TO_32_BIT_CONVERSION = YES;
				GCC_WARN_ABOUT_RETURN_TYPE = YES_ERROR;
				GCC_WARN_UNDECLARED_SELECTOR = YES;
				GCC_WARN_UNINITIALIZED_AUTOS = YES_AGGRESSIVE;
				GCC_WARN_UNUSED_FUNCTION = YES;
				GCC_WARN_UNUSED_VARIABLE = YES;
				MACOSX_DEPLOYMENT_TARGET = 13.3;
				MTL_ENABLE_DEBUG_INFO = INCLUDE_SOURCE;
				MTL_FAST_MATH = YES;
				ONLY_ACTIVE_ARCH = YES;
				SDKROOT = macosx;
			};
			name = Debug;
		};
		B98037AA29FA821B00DAB002 /* Release */ = {
			isa = XCBuildConfiguration;
			buildSettings = {
				ALWAYS_SEARCH_USER_PATHS = NO;
				CLANG_ANALYZER_NONNULL = YES;
				CLANG_ANALYZER_NUMBER_OBJECT_CONVERSION = YES_AGGRESSIVE;
				CLANG_CXX_LANGUAGE_STANDARD = "gnu++20";
				CLANG_ENABLE_MODULES = YES;
				CLANG_ENABLE_OBJC_ARC = YES;
				CLANG_ENABLE_OBJC_WEAK = YES;
				CLANG_WARN_BLOCK_CAPTURE_AUTORELEASING = YES;
				CLANG_WARN_BOOL_CONVERSION = YES;
				CLANG_WARN_COMMA = YES;
				CLANG_WARN_CONSTANT_CONVERSION = YES;
				CLANG_WARN_DEPRECATED_OBJC_IMPLEMENTATIONS = YES;
				CLANG_WARN_DIRECT_OBJC_ISA_USAGE = YES_ERROR;
				CLANG_WARN_DOCUMENTATION_COMMENTS = YES;
				CLANG_WARN_EMPTY_BODY = YES;
				CLANG_WARN_ENUM_CONVERSION = YES;
				CLANG_WARN_INFINITE_RECURSION = YES;
				CLANG_WARN_INT_CONVERSION = YES;
				CLANG_WARN_NON_LITERAL_NULL_CONVERSION = YES;
				CLANG_WARN_OBJC_IMPLICIT_RETAIN_SELF = YES;
				CLANG_WARN_OBJC_LITERAL_CONVERSION = YES;
				CLANG_WARN_OBJC_ROOT_CLASS = YES_ERROR;
				CLANG_WARN_QUOTED_INCLUDE_IN_FRAMEWORK_HEADER = YES;
				CLANG_WARN_RANGE_LOOP_ANALYSIS = YES;
				CLANG_WARN_STRICT_PROTOTYPES = YES;
				CLANG_WARN_SUSPICIOUS_MOVE = YES;
				CLANG_WARN_UNGUARDED_AVAILABILITY = YES_AGGRESSIVE;
				CLANG_WARN_UNREACHABLE_CODE = YES;
				CLANG_WARN__DUPLICATE_METHOD_MATCH = YES;
				COPY_PHASE_STRIP = NO;
				DEBUG_INFORMATION_FORMAT = "dwarf-with-dsym";
				ENABLE_NS_ASSERTIONS = NO;
				ENABLE_STRICT_OBJC_MSGSEND = YES;
				GCC_C_LANGUAGE_STANDARD = gnu11;
				GCC_NO_COMMON_BLOCKS = YES;
				GCC_WARN_64_TO_32_BIT_CONVERSION = YES;
				GCC_WARN_ABOUT_RETURN_TYPE = YES_ERROR;
				GCC_WARN_UNDECLARED_SELECTOR = YES;
				GCC_WARN_UNINITIALIZED_AUTOS = YES_AGGRESSIVE;
				GCC_WARN_UNUSED_FUNCTION = YES;
				GCC_WARN_UNUSED_VARIABLE = YES;
				MACOSX_DEPLOYMENT_TARGET = 13.3;
				MTL_ENABLE_DEBUG_INFO = NO;
				MTL_FAST_MATH = YES;
				SDKROOT = macosx;
			};
			name = Release;
		};
		B98037AC29FA821B00DAB002 /* Debug */ = {
			isa = XCBuildConfiguration;
			buildSettings = {
				CODE_SIGN_STYLE = Automatic;
				PRODUCT_NAME = "$(TARGET_NAME)";
			};
			name = Debug;
		};
		B98037AD29FA821B00DAB002 /* Release */ = {
			isa = XCBuildConfiguration;
			buildSettings = {
				CODE_SIGN_STYLE = Automatic;
				PRODUCT_NAME = "$(TARGET_NAME)";
			};
			name = Release;
		};
/* End XCBuildConfiguration section */

/* Begin XCConfigurationList section */
		B980379F29FA821B00DAB002 /* Build configuration list for PBXProject "分类" */ = {
			isa = XCConfigurationList;
			buildConfigurations = (
				B98037A929FA821B00DAB002 /* Debug */,
				B98037AA29FA821B00DAB002 /* Release */,
			);
			defaultConfigurationIsVisible = 0;
			defaultConfigurationName = Release;
		};
		B98037AB29FA821B00DAB002 /* Build configuration list for PBXNativeTarget "分类" */ = {
			isa = XCConfigurationList;
			buildConfigurations = (
				B98037AC29FA821B00DAB002 /* Debug */,
				B98037AD29FA821B00DAB002 /* Release */,
			);
			defaultConfigurationIsVisible = 0;
			defaultConfigurationName = Release;
		};
/* End XCConfigurationList section */
	};
	rootObject = B980379C29FA821B00DAB002 /* Project object */;
}
